
Microsoft Visual Studio Solution File, Format Version 12.00
# Visual Studio Version 16
VisualStudioVersion = 16.0.29905.134
MinimumVisualStudioVersion = 10.0.40219.1
Project("{FAE04EC0-301F-11D3-BF4B-00C04F79EFBC}") = "CapaApresentacao", "SistemaClinicaWebForms\CapaApresentacao.csproj", "{7200DDC2-0D51-4888-A62D-607F96934838}"
EndProject
Global
	GlobalSection(SolutionConfigurationPlatforms) = preSolution
		Debug|Any CPU = Debug|Any CPU
		Release|Any CPU = Release|Any CPU
	EndGlobalSection
	GlobalSection(ProjectConfigurationPlatforms) = postSolution
		{7200DDC2-0D51-4888-A62D-607F96934838}.Debug|Any CPU.ActiveCfg = Debug|Any CPU
		{7200DDC2-0D51-4888-A62D-607F96934838}.Debug|Any CPU.Build.0 = Debug|Any CPU
		{7200DDC2-0D51-4888-A62D-607F96934838}.Release|Any CPU.ActiveCfg = Release|Any CPU
		{7200DDC2-0D51-4888-A62D-607F96934838}.Release|Any CPU.Build.0 = Release|Any CPU
	EndGlobalSection
	GlobalSection(SolutionProperties) = preSolution
		HideSolutionNode = FALSE
	EndGlobalSection
	GlobalSection(ExtensibilityGlobals) = postSolution
		SolutionGuid = {4C0916EA-EF45-41A0-98B5-61AA34045BFE}
	EndGlobalSection
EndGlobal
